
Microsoft Visual Studio Solution File, Format Version 12.00
# Visual Studio Version 17
VisualStudioVersion = 17.8.34408.163
MinimumVisualStudioVersion = 10.0.40219.1
Project("{9A19103F-16F7-4668-BE54-9A1E7A4F7556}") = "Zhy.Components.Configuration", "Zhy.Components.Configuration\Zhy.Components.Configuration.csproj", "{6514EB4C-4CF3-455C-83A2-76BA27069271}"
EndProject
Global
	GlobalSection(SolutionConfigurationPlatforms) = preSolution
		Debug|Any CPU = Debug|Any CPU
		Release|Any CPU = Release|Any CPU
	EndGlobalSection
	GlobalSection(ProjectConfigurationPlatforms) = postSolution
		{6514EB4C-4CF3-455C-83A2-76BA27069271}.Debug|Any CPU.ActiveCfg = Debug|Any CPU
		{6514EB4C-4CF3-455C-83A2-76BA27069271}.Debug|Any CPU.Build.0 = Debug|Any CPU
		{6514EB4C-4CF3-455C-83A2-76BA27069271}.Release|Any CPU.ActiveCfg = Release|Any CPU
		{6514EB4C-4CF3-455C-83A2-76BA27069271}.Release|Any CPU.Build.0 = Release|Any CPU
	EndGlobalSection
	GlobalSection(SolutionProperties) = preSolution
		HideSolutionNode = FALSE
	EndGlobalSection
	GlobalSection(ExtensibilityGlobals) = postSolution
		SolutionGuid = {3BB9ADDF-F976-42AD-AD0D-D72F64F9A2D3}
	EndGlobalSection
EndGlobal
